
Microsoft Visual Studio Solution File, Format Version 12.00
# Visual Studio Version 17
VisualStudioVersion = 17.4.33110.190
MinimumVisualStudioVersion = 10.0.40219.1
Project("{FAE04EC0-301F-11D3-BF4B-00C04F79EFBC}") = "AzureTest.API", "AzureTest.API\AzureTest.API.csproj", "{E9D3F48E-D6F4-4BC4-8321-D00D9DE4727B}"
EndProject
Project("{FAE04EC0-301F-11D3-BF4B-00C04F79EFBC}") = "AzureTest.MVC", "MVC\AzureTest.MVC.csproj", "{304224B2-4ADD-4BE6-AAC7-CFD8B88E1DC4}"
EndProject
Global
	GlobalSection(SolutionConfigurationPlatforms) = preSolution
		Debug|Any CPU = Debug|Any CPU
		Release|Any CPU = Release|Any CPU
	EndGlobalSection
	GlobalSection(ProjectConfigurationPlatforms) = postSolution
		{E9D3F48E-D6F4-4BC4-8321-D00D9DE4727B}.Debug|Any CPU.ActiveCfg = Debug|Any CPU
		{E9D3F48E-D6F4-4BC4-8321-D00D9DE4727B}.Debug|Any CPU.Build.0 = Debug|Any CPU
		{E9D3F48E-D6F4-4BC4-8321-D00D9DE4727B}.Release|Any CPU.ActiveCfg = Release|Any CPU
		{E9D3F48E-D6F4-4BC4-8321-D00D9DE4727B}.Release|Any CPU.Build.0 = Release|Any CPU
		{304224B2-4ADD-4BE6-AAC7-CFD8B88E1DC4}.Debug|Any CPU.ActiveCfg = Debug|Any CPU
		{304224B2-4ADD-4BE6-AAC7-CFD8B88E1DC4}.Debug|Any CPU.Build.0 = Debug|Any CPU
		{304224B2-4ADD-4BE6-AAC7-CFD8B88E1DC4}.Release|Any CPU.ActiveCfg = Release|Any CPU
		{304224B2-4ADD-4BE6-AAC7-CFD8B88E1DC4}.Release|Any CPU.Build.0 = Release|Any CPU
	EndGlobalSection
	GlobalSection(SolutionProperties) = preSolution
		HideSolutionNode = FALSE
	EndGlobalSection
	GlobalSection(ExtensibilityGlobals) = postSolution
		SolutionGuid = {84EDA75C-B974-4D40-8ED3-90CC178D9C22}
	EndGlobalSection
EndGlobal
